
Microsoft Visual Studio Solution File, Format Version 12.00
# Visual Studio Version 16
VisualStudioVersion = 16.0.30225.117
MinimumVisualStudioVersion = 10.0.40219.1
Project("{FAE04EC0-301F-11D3-BF4B-00C04F79EFBC}") = "ConsoleApp94", "ConsoleApp94\ConsoleApp94.csproj", "{35EBCF06-A200-416F-A6AF-CA0D687450FA}"
EndProject
Global
	GlobalSection(SolutionConfigurationPlatforms) = preSolution
		Debug|Any CPU = Debug|Any CPU
		Release|Any CPU = Release|Any CPU
	EndGlobalSection
	GlobalSection(ProjectConfigurationPlatforms) = postSolution
		{35EBCF06-A200-416F-A6AF-CA0D687450FA}.Debug|Any CPU.ActiveCfg = Debug|Any CPU
		{35EBCF06-A200-416F-A6AF-CA0D687450FA}.Debug|Any CPU.Build.0 = Debug|Any CPU
		{35EBCF06-A200-416F-A6AF-CA0D687450FA}.Release|Any CPU.ActiveCfg = Release|Any CPU
		{35EBCF06-A200-416F-A6AF-CA0D687450FA}.Release|Any CPU.Build.0 = Release|Any CPU
	EndGlobalSection
	GlobalSection(SolutionProperties) = preSolution
		HideSolutionNode = FALSE
	EndGlobalSection
	GlobalSection(ExtensibilityGlobals) = postSolution
		SolutionGuid = {595340C4-0BE2-42C3-A819-00860F4C33F5}
	EndGlobalSection
EndGlobal
